
Microsoft Visual Studio Solution File, Format Version 12.00
Project("{FAE04EC0-301F-11D3-BF4B-00C04F79EFBC}") = "LibraryManager.WebApplication", "LibraryManager.WebApplication\LibraryManager.WebApplication.csproj", "{2013D440-23C2-46CA-8B0D-0D38442FB13B}"
EndProject
Project("{2150E333-8FDC-42A3-9474-1A3956D46DE8}") = "Documentation", "Documentation", "{9B6AB964-A752-4307-ADC4-576FB9738113}"
	ProjectSection(SolutionItems) = preProject
		README.md = README.md
	EndProjectSection
EndProject
Project("{FAE04EC0-301F-11D3-BF4B-00C04F79EFBC}") = "LibraryManager.Domain", "LibraryManager.Domain\LibraryManager.Domain.csproj", "{84146A28-E372-4FD9-8939-88B71FF177B6}"
EndProject
Project("{FAE04EC0-301F-11D3-BF4B-00C04F79EFBC}") = "LibraryManager.Domain.UnitTests", "LibraryManager.Domain.UnitTests\LibraryManager.Domain.UnitTests.csproj", "{D5D2273D-8A05-45F0-8375-540B96E66323}"
EndProject
Project("{FAE04EC0-301F-11D3-BF4B-00C04F79EFBC}") = "LibraryManager.WebApplication.Tests", "LibraryManager.WebApplication.Tests\LibraryManager.WebApplication.Tests.csproj", "{39DB1667-81A9-48E3-A064-D2EAEF8A7D56}"
EndProject
Project("{FAE04EC0-301F-11D3-BF4B-00C04F79EFBC}") = "LibraryManager.Persistence.EFCore", "LibraryManager.Persistence.EFCore\LibraryManager.Persistence.EFCore.csproj", "{12C5FF0D-6BDC-4D4D-8D98-7DC15D54CC7E}"
EndProject
Global
	GlobalSection(SolutionConfigurationPlatforms) = preSolution
		Debug|Any CPU = Debug|Any CPU
		Release|Any CPU = Release|Any CPU
	EndGlobalSection
	GlobalSection(ProjectConfigurationPlatforms) = postSolution
		{2013D440-23C2-46CA-8B0D-0D38442FB13B}.Debug|Any CPU.ActiveCfg = Debug|Any CPU
		{2013D440-23C2-46CA-8B0D-0D38442FB13B}.Debug|Any CPU.Build.0 = Debug|Any CPU
		{2013D440-23C2-46CA-8B0D-0D38442FB13B}.Release|Any CPU.ActiveCfg = Release|Any CPU
		{2013D440-23C2-46CA-8B0D-0D38442FB13B}.Release|Any CPU.Build.0 = Release|Any CPU
		{84146A28-E372-4FD9-8939-88B71FF177B6}.Debug|Any CPU.ActiveCfg = Debug|Any CPU
		{84146A28-E372-4FD9-8939-88B71FF177B6}.Debug|Any CPU.Build.0 = Debug|Any CPU
		{84146A28-E372-4FD9-8939-88B71FF177B6}.Release|Any CPU.ActiveCfg = Release|Any CPU
		{84146A28-E372-4FD9-8939-88B71FF177B6}.Release|Any CPU.Build.0 = Release|Any CPU
		{D5D2273D-8A05-45F0-8375-540B96E66323}.Debug|Any CPU.ActiveCfg = Debug|Any CPU
		{D5D2273D-8A05-45F0-8375-540B96E66323}.Debug|Any CPU.Build.0 = Debug|Any CPU
		{D5D2273D-8A05-45F0-8375-540B96E66323}.Release|Any CPU.ActiveCfg = Release|Any CPU
		{D5D2273D-8A05-45F0-8375-540B96E66323}.Release|Any CPU.Build.0 = Release|Any CPU
		{39DB1667-81A9-48E3-A064-D2EAEF8A7D56}.Debug|Any CPU.ActiveCfg = Debug|Any CPU
		{39DB1667-81A9-48E3-A064-D2EAEF8A7D56}.Debug|Any CPU.Build.0 = Debug|Any CPU
		{39DB1667-81A9-48E3-A064-D2EAEF8A7D56}.Release|Any CPU.ActiveCfg = Release|Any CPU
		{39DB1667-81A9-48E3-A064-D2EAEF8A7D56}.Release|Any CPU.Build.0 = Release|Any CPU
		{12C5FF0D-6BDC-4D4D-8D98-7DC15D54CC7E}.Debug|Any CPU.ActiveCfg = Debug|Any CPU
		{12C5FF0D-6BDC-4D4D-8D98-7DC15D54CC7E}.Debug|Any CPU.Build.0 = Debug|Any CPU
		{12C5FF0D-6BDC-4D4D-8D98-7DC15D54CC7E}.Release|Any CPU.ActiveCfg = Release|Any CPU
		{12C5FF0D-6BDC-4D4D-8D98-7DC15D54CC7E}.Release|Any CPU.Build.0 = Release|Any CPU
	EndGlobalSection
EndGlobal
